// !$*UTF8*$!
{
	archiveVersion = 1;
	classes = {
	};
	objectVersion = 46;
	objects = {

/* Begin PBXBuildFile section */
		3F579DCF1BE0B9D50059B342 /* AppDelegate.swift in Sources */ = {isa = PBXBuildFile; fileRef = 3F579DCE1BE0B9D50059B342 /* AppDelegate.swift */; };
		3F579DD11BE0B9D50059B342 /* ViewController.swift in Sources */ = {isa = PBXBuildFile; fileRef = 3F579DD01BE0B9D50059B342 /* ViewController.swift */; };
		3F579DD41BE0B9D50059B342 /* Main.storyboard in Resources */ = {isa = PBXBuildFile; fileRef = 3F579DD21BE0B9D50059B342 /* Main.storyboard */; };
		3F579DD61BE0B9D50059B342 /* Assets.xcassets in Resources */ = {isa = PBXBuildFile; fileRef = 3F579DD51BE0B9D50059B342 /* Assets.xcassets */; };
		3F579DD91BE0B9D50059B342 /* LaunchScreen.storyboard in Resources */ = {isa = PBXBuildFile; fileRef = 3F579DD71BE0B9D50059B342 /* LaunchScreen.storyboard */; };
/* End PBXBuildFile section */

/* Begin PBXContainerItemProxy section */
		3F579DE01BE0B9D50059B342 /* PBXContainerItemProxy */ = {
			isa = PBXContainerItemProxy;
			containerPortal = 3F579DC31BE0B9D50059B342 /* Project object */;
			proxyType = 1;
			remoteGlobalIDString = 3F579DCA1BE0B9D50059B342;
			remoteInfo = SimpleNotes;
		};
		3F579DEB1BE0B9D50059B342 /* PBXContainerItemProxy */ = {
			isa = PBXContainerItemProxy;
			containerPortal = 3F579DC31BE0B9D50059B342 /* Project object */;
			proxyType = 1;
			remoteGlobalIDString = 3F579DCA1BE0B9D50059B342;
			remoteInfo = SimpleNotes;
		};
/* End PBXContainerItemProxy section */

/* Begin PBXFileReference section */
		3F579DCB1BE0B9D50059B342 /* SimpleNotes.app */ = {isa = PBXFileReference; explicitFileType = wrapper.application; includeInIndex = 0; path = SimpleNotes.app; sourceTree = BUILT_PRODUCTS_DIR; };
		3F579DCE1BE0B9D50059B342 /* AppDelegate.swift */ = {isa = PBXFileReference; lastKnownFileType = sourcecode.swift; path = AppDelegate.swift; sourceTree = "<group>"; };
		3F579DD01BE0B9D50059B342 /* ViewController.swift */ = {isa = PBXFileReference; lastKnownFileType = sourcecode.swift; path = ViewController.swift; sourceTree = "<group>"; };
		3F579DD31BE0B9D50059B342 /* Base */ = {isa = PBXFileReference; lastKnownFileType = file.storyboard; name = Base; path = Base.lproj/Main.storyboard; sourceTree = "<group>"; };
		3F579DD51BE0B9D50059B342 /* Assets.xcassets */ = {isa = PBXFileReference; lastKnownFileType = folder.assetcatalog; path = Assets.xcassets; sourceTree = "<group>"; };
		3F579DD81BE0B9D50059B342 /* Base */ = {isa = PBXFileReference; lastKnownFileType = file.storyboard; name = Base; path = Base.lproj/LaunchScreen.storyboard; sourceTree = "<group>"; };
		3F579DDA1BE0B9D50059B342 /* Info.plist */ = {isa = PBXFileReference; lastKnownFileType = text.plist.xml; path = Info.plist; sourceTree = "<group>"; };
		3F579DDF1BE0B9D50059B342 /* SimpleNotesTests.xctest */ = {isa = PBXFileReference; explicitFileType = wrapper.cfbundle; includeInIndex = 0; path = SimpleNotesTests.xctest; sourceTree = BUILT_PRODUCTS_DIR; };
		3F579DE51BE0B9D50059B342 /* Info.plist */ = {isa = PBXFileReference; lastKnownFileType = text.plist.xml; path = Info.plist; sourceTree = "<group>"; };
		3F579DEA1BE0B9D50059B342 /* SimpleNotesUITests.xctest */ = {isa = PBXFileReference; explicitFileType = wrapper.cfbundle; includeInIndex = 0; path = SimpleNotesUITests.xctest; sourceTree = BUILT_PRODUCTS_DIR; };
		3F579DF01BE0B9D50059B342 /* Info.plist */ = {isa = PBXFileReference; lastKnownFileType = text.plist.xml; path = Info.plist; sourceTree = "<group>"; };
/* End PBXFileReference section */

/* Begin PBXFrameworksBuildPhase section */
		3F579DC81BE0B9D50059B342 /* Frameworks */ = {
			isa = PBXFrameworksBuildPhase;
			buildActionMask = 2147483647;
			files = (
			);
			runOnlyForDeploymentPostprocessing = 0;
		};
		3F579DDC1BE0B9D50059B342 /* Frameworks */ = {
			isa = PBXFrameworksBuildPhase;
			buildActionMask = 2147483647;
			files = (
			);
			runOnlyForDeploymentPostprocessing = 0;
		};
		3F579DE71BE0B9D50059B342 /* Frameworks */ = {
			isa = PBXFrameworksBuildPhase;
			buildActionMask = 2147483647;
			files = (
			);
			runOnlyForDeploymentPostprocessing = 0;
		};
/* End PBXFrameworksBuildPhase section */

/* Begin PBXGroup section */
		3F579DC21BE0B9D50059B342 = {
			isa = PBXGroup;
			children = (
				3F579DCD1BE0B9D50059B342 /* SimpleNotes */,
				3F579DE21BE0B9D50059B342 /* SimpleNotesTests */,
				3F579DED1BE0B9D50059B342 /* SimpleNotesUITests */,
				3F579DCC1BE0B9D50059B342 /* Products */,
			);
			indentWidth = 2;
			sourceTree = "<group>";
			tabWidth = 2;
			usesTabs = 0;
		};
		3F579DCC1BE0B9D50059B342 /* Products */ = {
			isa = PBXGroup;
			children = (
				3F579DCB1BE0B9D50059B342 /* SimpleNotes.app */,
				3F579DDF1BE0B9D50059B342 /* SimpleNotesTests.xctest */,
				3F579DEA1BE0B9D50059B342 /* SimpleNotesUITests.xctest */,
			);
			name = Products;
			sourceTree = "<group>";
		};
		3F579DCD1BE0B9D50059B342 /* SimpleNotes */ = {
			isa = PBXGroup;
			children = (
				3F579DCE1BE0B9D50059B342 /* AppDelegate.swift */,
				3F579DD01BE0B9D50059B342 /* ViewController.swift */,
				3F579DD21BE0B9D50059B342 /* Main.storyboard */,
				3F579DD51BE0B9D50059B342 /* Assets.xcassets */,
				3F579DD71BE0B9D50059B342 /* LaunchScreen.storyboard */,
				3F579DDA1BE0B9D50059B342 /* Info.plist */,
			);
			path = SimpleNotes;
			sourceTree = "<group>";
		};
		3F579DE21BE0B9D50059B342 /* SimpleNotesTests */ = {
			isa = PBXGroup;
			children = (
				3F579DE51BE0B9D50059B342 /* Info.plist */,
			);
			path = SimpleNotesTests;
			sourceTree = "<group>";
		};
		3F579DED1BE0B9D50059B342 /* SimpleNotesUITests */ = {
			isa = PBXGroup;
			children = (
				3F579DF01BE0B9D50059B342 /* Info.plist */,
			);
			path = SimpleNotesUITests;
			sourceTree = "<group>";
		};
/* End PBXGroup section */

/* Begin PBXNativeTarget section */
		3F579DCA1BE0B9D50059B342 /* SimpleNotes */ = {
			isa = PBXNativeTarget;
			buildConfigurationList = 3F579DF31BE0B9D50059B342 /* Build configuration list for PBXNativeTarget "SimpleNotes" */;
			buildPhases = (
				3F579DC71BE0B9D50059B342 /* Sources */,
				3F579DC81BE0B9D50059B342 /* Frameworks */,
				3F579DC91BE0B9D50059B342 /* Resources */,
				915EA5C3CD7D3D8DA407446F /* Warn for TODO and FIXME comments */,
				C30BAA17FA8D8128584F6B6C /* Set version number */,
			);
			buildRules = (
			);
			dependencies = (
			);
			name = SimpleNotes;
			productName = SimpleNotes;
			productReference = 3F579DCB1BE0B9D50059B342 /* SimpleNotes.app */;
			productType = "com.apple.product-type.application";
		};
		3F579DDE1BE0B9D50059B342 /* SimpleNotesTests */ = {
			isa = PBXNativeTarget;
			buildConfigurationList = 3F579DF61BE0B9D50059B342 /* Build configuration list for PBXNativeTarget "SimpleNotesTests" */;
			buildPhases = (
				3F579DDB1BE0B9D50059B342 /* Sources */,
				3F579DDC1BE0B9D50059B342 /* Frameworks */,
				3F579DDD1BE0B9D50059B342 /* Resources */,
			);
			buildRules = (
			);
			dependencies = (
				3F579DE11BE0B9D50059B342 /* PBXTargetDependency */,
			);
			name = SimpleNotesTests;
			productName = SimpleNotesTests;
			productReference = 3F579DDF1BE0B9D50059B342 /* SimpleNotesTests.xctest */;
			productType = "com.apple.product-type.bundle.unit-test";
		};
		3F579DE91BE0B9D50059B342 /* SimpleNotesUITests */ = {
			isa = PBXNativeTarget;
			buildConfigurationList = 3F579DF91BE0B9D50059B342 /* Build configuration list for PBXNativeTarget "SimpleNotesUITests" */;
			buildPhases = (
				3F579DE61BE0B9D50059B342 /* Sources */,
				3F579DE71BE0B9D50059B342 /* Frameworks */,
				3F579DE81BE0B9D50059B342 /* Resources */,
			);
			buildRules = (
			);
			dependencies = (
				3F579DEC1BE0B9D50059B342 /* PBXTargetDependency */,
			);
			name = SimpleNotesUITests;
			productName = SimpleNotesUITests;
			productReference = 3F579DEA1BE0B9D50059B342 /* SimpleNotesUITests.xctest */;
			productType = "com.apple.product-type.bundle.ui-testing";
		};
/* End PBXNativeTarget section */

/* Begin PBXProject section */
		3F579DC31BE0B9D50059B342 /* Project object */ = {
			isa = PBXProject;
			attributes = {
				LastSwiftUpdateCheck = 0710;
				LastUpgradeCheck = 0710;
				ORGANIZATIONNAME = mokacoding;
				TargetAttributes = {
					3F579DCA1BE0B9D50059B342 = {
						CreatedOnToolsVersion = 7.1;
					};
					3F579DDE1BE0B9D50059B342 = {
						CreatedOnToolsVersion = 7.1;
						TestTargetID = 3F579DCA1BE0B9D50059B342;
					};
					3F579DE91BE0B9D50059B342 = {
						CreatedOnToolsVersion = 7.1;
						TestTargetID = 3F579DCA1BE0B9D50059B342;
					};
				};
			};
			buildConfigurationList = 3F579DC61BE0B9D50059B342 /* Build configuration list for PBXProject "SimpleNotes" */;
			compatibilityVersion = "Xcode 3.2";
			developmentRegion = English;
			hasScannedForEncodings = 0;
			knownRegions = (
				en,
				Base,
			);
			mainGroup = 3F579DC21BE0B9D50059B342;
			productRefGroup = 3F579DCC1BE0B9D50059B342 /* Products */;
			projectDirPath = "";
			projectRoot = "";
			targets = (
				3F579DCA1BE0B9D50059B342 /* SimpleNotes */,
				3F579DDE1BE0B9D50059B342 /* SimpleNotesTests */,
				3F579DE91BE0B9D50059B342 /* SimpleNotesUITests */,
			);
		};
/* End PBXProject section */

/* Begin PBXResourcesBuildPhase section */
		3F579DC91BE0B9D50059B342 /* Resources */ = {
			isa = PBXResourcesBuildPhase;
			buildActionMask = 2147483647;
			files = (
				3F579DD91BE0B9D50059B342 /* LaunchScreen.storyboard in Resources */,
				3F579DD61BE0B9D50059B342 /* Assets.xcassets in Resources */,
				3F579DD41BE0B9D50059B342 /* Main.storyboard in Resources */,
			);
			runOnlyForDeploymentPostprocessing = 0;
		};
		3F579DDD1BE0B9D50059B342 /* Resources */ = {
			isa = PBXResourcesBuildPhase;
			buildActionMask = 2147483647;
			files = (
			);
			runOnlyForDeploymentPostprocessing = 0;
		};
		3F579DE81BE0B9D50059B342 /* Resources */ = {
			isa = PBXResourcesBuildPhase;
			buildActionMask = 2147483647;
			files = (
			);
			runOnlyForDeploymentPostprocessing = 0;
		};
/* End PBXResourcesBuildPhase section */

/* Begin PBXShellScriptBuildPhase section */
		915EA5C3CD7D3D8DA407446F /* Warn for TODO and FIXME comments */ = {
			isa = PBXShellScriptBuildPhase;
			buildActionMask = 2147483647;
			files = (
			);
			inputPaths = (
			);
			name = "Warn for TODO and FIXME comments";
			outputPaths = (
			);
			runOnlyForDeploymentPostprocessing = 0;
			shellPath = /bin/sh;
			shellScript = "KEYWORDS=\"TODO:|FIXME:|\\?\\?\\?:|\\!\\!\\!:\"\nFILE_EXTENSIONS=\"swift|h|m|mm|c|cpp\"\nfind -E \"${SRCROOT}\" -ipath \"${SRCROOT}/pods\" -prune -o \\( -regex \".*\\.($FILE_EXTENSIONS)$\" \\) -print0 | xargs -0 egrep --with-filename --line-number --only-matching \"($KEYWORDS).*\\$\" | perl -p -e \"s/($KEYWORDS)/ warning: \\$1/\"\n";
		};
		C30BAA17FA8D8128584F6B6C /* Set version number */ = {
			isa = PBXShellScriptBuildPhase;
			buildActionMask = 2147483647;
			files = (
			);
			inputPaths = (
			);
			name = "Set version number";
			outputPaths = (
			);
			runOnlyForDeploymentPostprocessing = 0;
			shellPath = /bin/sh;
			shellScript = "git=$(sh /etc/profile; which git)\ngit_release_version=$(\"$git\" describe --tags --always --abbrev=0)\nnumber_of_commits=$(\"$git\" rev-list master | wc -l | tr -d ' ')\ntarget_plist=\"$TARGET_BUILD_DIR/$INFOPLIST_PATH\"\ndsym_plist=\"$DWARF_DSYM_FOLDER_PATH/$DWARF_DSYM_FILE_NAME/Contents/Info.plist\"\n\nfor plist in \"$target_plist\" \"$dsym_plist\"; do\n  if [ -f \"$plist\" ]; then\n    /usr/libexec/PlistBuddy -c \"Set :CFBundleVersion $number_of_commits\" \"$plist\"\n    /usr/libexec/PlistBuddy -c \"Set :CFBundleShortVersionString ${git_release_version#*v}\" \"$plist\"\n  fi\ndone\n";
		};
/* End PBXShellScriptBuildPhase section */

/* Begin PBXSourcesBuildPhase section */
		3F579DC71BE0B9D50059B342 /* Sources */ = {
			isa = PBXSourcesBuildPhase;
			buildActionMask = 2147483647;
			files = (
				3F579DD11BE0B9D50059B342 /* ViewController.swift in Sources */,
				3F579DCF1BE0B9D50059B342 /* AppDelegate.swift in Sources */,
			);
			runOnlyForDeploymentPostprocessing = 0;
		};
		3F579DDB1BE0B9D50059B342 /* Sources */ = {
			isa = PBXSourcesBuildPhase;
			buildActionMask = 2147483647;
			files = (
			);
			runOnlyForDeploymentPostprocessing = 0;
		};
		3F579DE61BE0B9D50059B342 /* Sources */ = {
			isa = PBXSourcesBuildPhase;
			buildActionMask = 2147483647;
			files = (
			);
			runOnlyForDeploymentPostprocessing = 0;
		};
/* End PBXSourcesBuildPhase section */

/* Begin PBXTargetDependency section */
		3F579DE11BE0B9D50059B342 /* PBXTargetDependency */ = {
			isa = PBXTargetDependency;
			target = 3F579DCA1BE0B9D50059B342 /* SimpleNotes */;
			targetProxy = 3F579DE01BE0B9D50059B342 /* PBXContainerItemProxy */;
		};
		3F579DEC1BE0B9D50059B342 /* PBXTargetDependency */ = {
			isa = PBXTargetDependency;
			target = 3F579DCA1BE0B9D50059B342 /* SimpleNotes */;
			targetProxy = 3F579DEB1BE0B9D50059B342 /* PBXContainerItemProxy */;
		};
/* End PBXTargetDependency section */

/* Begin PBXVariantGroup section */
		3F579DD21BE0B9D50059B342 /* Main.storyboard */ = {
			isa = PBXVariantGroup;
			children = (
				3F579DD31BE0B9D50059B342 /* Base */,
			);
			name = Main.storyboard;
			sourceTree = "<group>";
		};
		3F579DD71BE0B9D50059B342 /* LaunchScreen.storyboard */ = {
			isa = PBXVariantGroup;
			children = (
				3F579DD81BE0B9D50059B342 /* Base */,
			);
			name = LaunchScreen.storyboard;
			sourceTree = "<group>";
		};
/* End PBXVariantGroup section */

/* Begin XCBuildConfiguration section */
		3F579DF11BE0B9D50059B342 /* Debug */ = {
			isa = XCBuildConfiguration;
			buildSettings = {
				ALWAYS_SEARCH_USER_PATHS = NO;
				CLANG_CXX_LANGUAGE_STANDARD = "gnu++0x";
				CLANG_CXX_LIBRARY = "libc++";
				CLANG_ENABLE_MODULES = YES;
				CLANG_ENABLE_OBJC_ARC = YES;
				CLANG_WARN_BOOL_CONVERSION = YES;
				CLANG_WARN_CONSTANT_CONVERSION = YES;
				CLANG_WARN_DEPRECATED_OBJC_IMPLEMENTATIONS = YES;
				CLANG_WARN_DIRECT_OBJC_ISA_USAGE = YES_ERROR;
				CLANG_WARN_EMPTY_BODY = YES;
				CLANG_WARN_ENUM_CONVERSION = YES;
				CLANG_WARN_IMPLICIT_SIGN_CONVERSION = YES;
				CLANG_WARN_INT_CONVERSION = YES;
				CLANG_WARN_OBJC_IMPLICIT_RETAIN_SELF = YES;
				CLANG_WARN_OBJC_ROOT_CLASS = YES_ERROR;
				CLANG_WARN_SUSPICIOUS_IMPLICIT_CONVERSION = YES;
				CLANG_WARN_UNREACHABLE_CODE = YES;
				CLANG_WARN__DUPLICATE_METHOD_MATCH = YES;
				"CODE_SIGN_IDENTITY[sdk=iphoneos*]" = "iPhone Developer";
				COPY_PHASE_STRIP = NO;
				DEBUG_INFORMATION_FORMAT = dwarf;
				ENABLE_STRICT_OBJC_MSGSEND = YES;
				ENABLE_TESTABILITY = YES;
				GCC_C_LANGUAGE_STANDARD = gnu99;
				GCC_DYNAMIC_NO_PIC = NO;
				GCC_NO_COMMON_BLOCKS = YES;
				GCC_OPTIMIZATION_LEVEL = 0;
				GCC_PREPROCESSOR_DEFINITIONS = (
					"DEBUG=1",
					"$(inherited)",
				);
				GCC_WARN_64_TO_32_BIT_CONVERSION = YES;
				GCC_WARN_ABOUT_DEPRECATED_FUNCTIONS = YES;
				GCC_WARN_ABOUT_MISSING_FIELD_INITIALIZERS = YES;
				GCC_WARN_ABOUT_MISSING_NEWLINE = YES;
				GCC_WARN_ABOUT_RETURN_TYPE = YES;
				GCC_WARN_CHECK_SWITCH_STATEMENTS = YES;
				GCC_WARN_INITIALIZER_NOT_FULLY_BRACKETED = YES;
				GCC_WARN_MISSING_PARENTHESES = YES;
				GCC_WARN_SHADOW = YES;
				GCC_WARN_SIGN_COMPARE = YES;
				GCC_WARN_TYPECHECK_CALLS_TO_PRINTF = YES;
				GCC_WARN_UNDECLARED_SELECTOR = YES;
				GCC_WARN_UNINITIALIZED_AUTOS = YES_AGGRESSIVE;
				GCC_WARN_UNUSED_FUNCTION = YES;
				GCC_WARN_UNUSED_LABEL = YES;
				GCC_WARN_UNUSED_VALUE = YES;
				GCC_WARN_UNUSED_VARIABLE = YES;
				IPHONEOS_DEPLOYMENT_TARGET = 9.1;
				MTL_ENABLE_DEBUG_INFO = YES;
				ONLY_ACTIVE_ARCH = YES;
				RUN_CLANG_STATIC_ANALYZER = YES;
				SDKROOT = iphoneos;
				SWIFT_OPTIMIZATION_LEVEL = "-Onone";
				TARGETED_DEVICE_FAMILY = "1,2";
			};
			name = Debug;
		};
		3F579DF21BE0B9D50059B342 /* Release */ = {
			isa = XCBuildConfiguration;
			buildSettings = {
				ALWAYS_SEARCH_USER_PATHS = NO;
				CLANG_CXX_LANGUAGE_STANDARD = "gnu++0x";
				CLANG_CXX_LIBRARY = "libc++";
				CLANG_ENABLE_MODULES = YES;
				CLANG_ENABLE_OBJC_ARC = YES;
				CLANG_WARN_BOOL_CONVERSION = YES;
				CLANG_WARN_CONSTANT_CONVERSION = YES;
				CLANG_WARN_DEPRECATED_OBJC_IMPLEMENTATIONS = YES;
				CLANG_WARN_DIRECT_OBJC_ISA_USAGE = YES_ERROR;
				CLANG_WARN_EMPTY_BODY = YES;
				CLANG_WARN_ENUM_CONVERSION = YES;
				CLANG_WARN_IMPLICIT_SIGN_CONVERSION = YES;
				CLANG_WARN_INT_CONVERSION = YES;
				CLANG_WARN_OBJC_IMPLICIT_RETAIN_SELF = YES;
				CLANG_WARN_OBJC_ROOT_CLASS = YES_ERROR;
				CLANG_WARN_SUSPICIOUS_IMPLICIT_CONVERSION = YES;
				CLANG_WARN_UNREACHABLE_CODE = YES;
				CLANG_WARN__DUPLICATE_METHOD_MATCH = YES;
				"CODE_SIGN_IDENTITY[sdk=iphoneos*]" = "iPhone Developer";
				COPY_PHASE_STRIP = NO;
				DEBUG_INFORMATION_FORMAT = "dwarf-with-dsym";
				ENABLE_NS_ASSERTIONS = NO;
				ENABLE_STRICT_OBJC_MSGSEND = YES;
				GCC_C_LANGUAGE_STANDARD = gnu99;
				GCC_NO_COMMON_BLOCKS = YES;
				GCC_WARN_64_TO_32_BIT_CONVERSION = YES;
				GCC_WARN_ABOUT_DEPRECATED_FUNCTIONS = YES;
				GCC_WARN_ABOUT_MISSING_FIELD_INITIALIZERS = YES;
				GCC_WARN_ABOUT_MISSING_NEWLINE = YES;
				GCC_WARN_ABOUT_RETURN_TYPE = YES;
				GCC_WARN_CHECK_SWITCH_STATEMENTS = YES;
				GCC_WARN_INITIALIZER_NOT_FULLY_BRACKETED = YES;
				GCC_WARN_MISSING_PARENTHESES = YES;
				GCC_WARN_SHADOW = YES;
				GCC_WARN_SIGN_COMPARE = YES;
				GCC_WARN_TYPECHECK_CALLS_TO_PRINTF = YES;
				GCC_WARN_UNDECLARED_SELECTOR = YES;
				GCC_WARN_UNINITIALIZED_AUTOS = YES_AGGRESSIVE;
				GCC_WARN_UNUSED_FUNCTION = YES;
				GCC_WARN_UNUSED_LABEL = YES;
				GCC_WARN_UNUSED_VALUE = YES;
				GCC_WARN_UNUSED_VARIABLE = YES;
				IPHONEOS_DEPLOYMENT_TARGET = 9.1;
				MTL_ENABLE_DEBUG_INFO = NO;
				RUN_CLANG_STATIC_ANALYZER = YES;
				SDKROOT = iphoneos;
				TARGETED_DEVICE_FAMILY = "1,2";
				VALIDATE_PRODUCT = YES;
			};
			name = Release;
		};
		3F579DF41BE0B9D50059B342 /* Debug */ = {
			isa = XCBuildConfiguration;
			buildSettings = {
				ASSETCATALOG_COMPILER_APPICON_NAME = AppIcon;
				INFOPLIST_FILE = SimpleNotes/Info.plist;
				LD_RUNPATH_SEARCH_PATHS = "$(inherited) @executable_path/Frameworks";
				PRODUCT_BUNDLE_IDENTIFIER = mokacoding.SimpleNotes;
				PRODUCT_NAME = "$(TARGET_NAME)";
			};
			name = Debug;
		};
		3F579DF51BE0B9D50059B342 /* Release */ = {
			isa = XCBuildConfiguration;
			buildSettings = {
				ASSETCATALOG_COMPILER_APPICON_NAME = AppIcon;
				GCC_TREAT_WARNINGS_AS_ERRORS = YES;
				INFOPLIST_FILE = SimpleNotes/Info.plist;
				LD_RUNPATH_SEARCH_PATHS = "$(inherited) @executable_path/Frameworks";
				PRODUCT_BUNDLE_IDENTIFIER = mokacoding.SimpleNotes;
				PRODUCT_NAME = "$(TARGET_NAME)";
			};
			name = Release;
		};
		3F579DF71BE0B9D50059B342 /* Debug */ = {
			isa = XCBuildConfiguration;
			buildSettings = {
				BUNDLE_LOADER = "$(TEST_HOST)";
				INFOPLIST_FILE = SimpleNotesTests/Info.plist;
				LD_RUNPATH_SEARCH_PATHS = "$(inherited) @executable_path/Frameworks @loader_path/Frameworks";
				PRODUCT_BUNDLE_IDENTIFIER = mokacoding.SimpleNotesTests;
				PRODUCT_NAME = "$(TARGET_NAME)";
				TEST_HOST = "$(BUILT_PRODUCTS_DIR)/SimpleNotes.app/SimpleNotes";
			};
			name = Debug;
		};
		3F579DF81BE0B9D50059B342 /* Release */ = {
			isa = XCBuildConfiguration;
			buildSettings = {
				BUNDLE_LOADER = "$(TEST_HOST)";
				INFOPLIST_FILE = SimpleNotesTests/Info.plist;
				LD_RUNPATH_SEARCH_PATHS = "$(inherited) @executable_path/Frameworks @loader_path/Frameworks";
				PRODUCT_BUNDLE_IDENTIFIER = mokacoding.SimpleNotesTests;
				PRODUCT_NAME = "$(TARGET_NAME)";
				TEST_HOST = "$(BUILT_PRODUCTS_DIR)/SimpleNotes.app/SimpleNotes";
			};
			name = Release;
		};
		3F579DFA1BE0B9D50059B342 /* Debug */ = {
			isa = XCBuildConfiguration;
			buildSettings = {
				INFOPLIST_FILE = SimpleNotesUITests/Info.plist;
				LD_RUNPATH_SEARCH_PATHS = "$(inherited) @executable_path/Frameworks @loader_path/Frameworks";
				PRODUCT_BUNDLE_IDENTIFIER = mokacoding.SimpleNotesUITests;
				PRODUCT_NAME = "$(TARGET_NAME)";
				TEST_TARGET_NAME = SimpleNotes;
				USES_XCTRUNNER = YES;
			};
			name = Debug;
		};
		3F579DFB1BE0B9D50059B342 /* Release */ = {
			isa = XCBuildConfiguration;
			buildSettings = {
				INFOPLIST_FILE = SimpleNotesUITests/Info.plist;
				LD_RUNPATH_SEARCH_PATHS = "$(inherited) @executable_path/Frameworks @loader_path/Frameworks";
				PRODUCT_BUNDLE_IDENTIFIER = mokacoding.SimpleNotesUITests;
				PRODUCT_NAME = "$(TARGET_NAME)";
				TEST_TARGET_NAME = SimpleNotes;
				USES_XCTRUNNER = YES;
			};
			name = Release;
		};
/* End XCBuildConfiguration section */

/* Begin XCConfigurationList section */
		3F579DC61BE0B9D50059B342 /* Build configuration list for PBXProject "SimpleNotes" */ = {
			isa = XCConfigurationList;
			buildConfigurations = (
				3F579DF11BE0B9D50059B342 /* Debug */,
				3F579DF21BE0B9D50059B342 /* Release */,
			);
			defaultConfigurationIsVisible = 0;
			defaultConfigurationName = Release;
		};
		3F579DF31BE0B9D50059B342 /* Build configuration list for PBXNativeTarget "SimpleNotes" */ = {
			isa = XCConfigurationList;
			buildConfigurations = (
				3F579DF41BE0B9D50059B342 /* Debug */,
				3F579DF51BE0B9D50059B342 /* Release */,
			);
			defaultConfigurationIsVisible = 0;
			defaultConfigurationName = Release;
		};
		3F579DF61BE0B9D50059B342 /* Build configuration list for PBXNativeTarget "SimpleNotesTests" */ = {
			isa = XCConfigurationList;
			buildConfigurations = (
				3F579DF71BE0B9D50059B342 /* Debug */,
				3F579DF81BE0B9D50059B342 /* Release */,
			);
			defaultConfigurationIsVisible = 0;
			defaultConfigurationName = Release;
		};
		3F579DF91BE0B9D50059B342 /* Build configuration list for PBXNativeTarget "SimpleNotesUITests" */ = {
			isa = XCConfigurationList;
			buildConfigurations = (
				3F579DFA1BE0B9D50059B342 /* Debug */,
				3F579DFB1BE0B9D50059B342 /* Release */,
			);
			defaultConfigurationIsVisible = 0;
			defaultConfigurationName = Release;
		};
/* End XCConfigurationList section */
	};
	rootObject = 3F579DC31BE0B9D50059B342 /* Project object */;
}
